
Microsoft Visual Studio Solution File, Format Version 12.00
# Visual Studio Version 17
VisualStudioVersion = 17.4.33213.308
MinimumVisualStudioVersion = 10.0.40219.1
Project("{FAE04EC0-301F-11D3-BF4B-00C04F79EFBC}") = "LeaveManagement.Web", "LeaveManagement.Web\LeaveManagement.Web.csproj", "{43689857-311C-4036-A9FB-6C6CE5182F36}"
EndProject
Global
	GlobalSection(SolutionConfigurationPlatforms) = preSolution
		Debug|Any CPU = Debug|Any CPU
		Release|Any CPU = Release|Any CPU
	EndGlobalSection
	GlobalSection(ProjectConfigurationPlatforms) = postSolution
		{43689857-311C-4036-A9FB-6C6CE5182F36}.Debug|Any CPU.ActiveCfg = Debug|Any CPU
		{43689857-311C-4036-A9FB-6C6CE5182F36}.Debug|Any CPU.Build.0 = Debug|Any CPU
		{43689857-311C-4036-A9FB-6C6CE5182F36}.Release|Any CPU.ActiveCfg = Release|Any CPU
		{43689857-311C-4036-A9FB-6C6CE5182F36}.Release|Any CPU.Build.0 = Release|Any CPU
	EndGlobalSection
	GlobalSection(SolutionProperties) = preSolution
		HideSolutionNode = FALSE
	EndGlobalSection
	GlobalSection(ExtensibilityGlobals) = postSolution
		SolutionGuid = {521ED0B1-93D9-4E15-9447-4B69647F004A}
	EndGlobalSection
EndGlobal
